{
  "name": "lockable",
  "lockfileVersion": 2,
  "requires": true,
  "packages": {
    "": {
      "devDependencies": {
        "prettier": "^3.0.3",
        "prettier-plugin-organize-imports": "^3.2.3"
      }
    },
    "node_modules/prettier": {
      "version": "3.0.3",
      "resolved": "https://registry.npmjs.org/prettier/-/prettier-3.0.3.tgz",
      "integrity": "sha512-L/4pUDMxcNa8R/EthV08Zt42WBO4h1rarVtK0K+QJG0X187OLo7l699jWw0GKuwzkPQ//jMFA/8Xm6Fh3J/DAg==",
      "dev": true,
      "bin": {
        "prettier": "bin/prettier.cjs"
      },
      "engines": {
        "node": ">=14"
      },
      "funding": {
        "url": "https://github.com/prettier/prettier?sponsor=1"
      }
    },
    "node_modules/prettier-plugin-organize-imports": {
      "version": "3.2.3",
      "resolved": "https://registry.npmjs.org/prettier-plugin-organize-imports/-/prettier-plugin-organize-imports-3.2.3.tgz",
      "integrity": "sha512-KFvk8C/zGyvUaE3RvxN2MhCLwzV6OBbFSkwZ2OamCrs9ZY4i5L77jQ/w4UmUr+lqX8qbaqVq6bZZkApn+IgJSg==",
      "dev": true,
      "peerDependencies": {
        "@volar/vue-language-plugin-pug": "^1.0.4",
        "@volar/vue-typescript": "^1.0.4",
        "prettier": ">=2.0",
        "typescript": ">=2.9"
      },
      "peerDependenciesMeta": {
        "@volar/vue-language-plugin-pug": {
          "optional": true
        },
        "@volar/vue-typescript": {
          "optional": true
        }
      }
    },
    "node_modules/typescript": {
      "version": "5.2.2",
      "resolved": "https://registry.npmjs.org/typescript/-/typescript-5.2.2.tgz",
      "integrity": "sha512-mI4WrpHsbCIcwT9cF4FZvr80QUeKvsUsUvKDoR+X/7XHQH98xYD8YHZg7ANtz2GtZt/CBq2QJ0thkGJMHfqc1w==",
      "dev": true,
      "peer": true,
      "bin": {
        "tsc": "bin/tsc",
        "tsserver": "bin/tsserver"
      },
      "engines": {
        "node": ">=14.17"
      }
    }
  },
  "dependencies": {
    "prettier": {
      "version": "3.0.3",
      "resolved": "https://registry.npmjs.org/prettier/-/prettier-3.0.3.tgz",
      "integrity": "sha512-L/4pUDMxcNa8R/EthV08Zt42WBO4h1rarVtK0K+QJG0X187OLo7l699jWw0GKuwzkPQ//jMFA/8Xm6Fh3J/DAg==",
      "dev": true
    },
    "prettier-plugin-organize-imports": {
      "version": "3.2.3",
      "resolved": "https://registry.npmjs.org/prettier-plugin-organize-imports/-/prettier-plugin-organize-imports-3.2.3.tgz",
      "integrity": "sha512-KFvk8C/zGyvUaE3RvxN2MhCLwzV6OBbFSkwZ2OamCrs9ZY4i5L77jQ/w4UmUr+lqX8qbaqVq6bZZkApn+IgJSg==",
      "dev": true,
      "requires": {}
    },
    "typescript": {
      "version": "5.2.2",
      "resolved": "https://registry.npmjs.org/typescript/-/typescript-5.2.2.tgz",
      "integrity": "sha512-mI4WrpHsbCIcwT9cF4FZvr80QUeKvsUsUvKDoR+X/7XHQH98xYD8YHZg7ANtz2GtZt/CBq2QJ0thkGJMHfqc1w==",
      "dev": true,
      "peer": true
    }
  }
}
